// !$*UTF8*$!
{
	archiveVersion = 1;
	classes = {
	};
	objectVersion = 50;
	objects = {

/* Begin PBXBuildFile section */
		23E2BA50F4C4879EA78B79B7 /* Pods_SevenHack.framework in Frameworks */ = {isa = PBXBuildFile; fileRef = 765E97FF48B5A90C0AE8F8BD /* Pods_SevenHack.framework */; };
		4903E0B4217B42B8002F1925 /* AppDelegate.swift in Sources */ = {isa = PBXBuildFile; fileRef = 4903E0B3217B42B8002F1925 /* AppDelegate.swift */; };
		4903E0B6217B42B8002F1925 /* ViewController.swift in Sources */ = {isa = PBXBuildFile; fileRef = 4903E0B5217B42B8002F1925 /* ViewController.swift */; };
		4903E0B9217B42B8002F1925 /* Main.storyboard in Resources */ = {isa = PBXBuildFile; fileRef = 4903E0B7217B42B8002F1925 /* Main.storyboard */; };
		4903E0BB217B42BA002F1925 /* Assets.xcassets in Resources */ = {isa = PBXBuildFile; fileRef = 4903E0BA217B42BA002F1925 /* Assets.xcassets */; };
		4903E0BE217B42BA002F1925 /* LaunchScreen.storyboard in Resources */ = {isa = PBXBuildFile; fileRef = 4903E0BC217B42BA002F1925 /* LaunchScreen.storyboard */; };
		4903E0C7217B8A36002F1925 /* API.swift in Sources */ = {isa = PBXBuildFile; fileRef = 4903E0C6217B8A36002F1925 /* API.swift */; };
		499C3CC3217BD31B0009E94F /* Balance.swift in Sources */ = {isa = PBXBuildFile; fileRef = 499C3CC2217BD31B0009E94F /* Balance.swift */; };
/* End PBXBuildFile section */

/* Begin PBXFileReference section */
		4903E0B0217B42B8002F1925 /* SevenHack.app */ = {isa = PBXFileReference; explicitFileType = wrapper.application; includeInIndex = 0; path = SevenHack.app; sourceTree = BUILT_PRODUCTS_DIR; };
		4903E0B3217B42B8002F1925 /* AppDelegate.swift */ = {isa = PBXFileReference; lastKnownFileType = sourcecode.swift; path = AppDelegate.swift; sourceTree = "<group>"; };
		4903E0B5217B42B8002F1925 /* ViewController.swift */ = {isa = PBXFileReference; lastKnownFileType = sourcecode.swift; path = ViewController.swift; sourceTree = "<group>"; };
		4903E0B8217B42B8002F1925 /* Base */ = {isa = PBXFileReference; lastKnownFileType = file.storyboard; name = Base; path = Base.lproj/Main.storyboard; sourceTree = "<group>"; };
		4903E0BA217B42BA002F1925 /* Assets.xcassets */ = {isa = PBXFileReference; lastKnownFileType = folder.assetcatalog; path = Assets.xcassets; sourceTree = "<group>"; };
		4903E0BD217B42BA002F1925 /* Base */ = {isa = PBXFileReference; lastKnownFileType = file.storyboard; name = Base; path = Base.lproj/LaunchScreen.storyboard; sourceTree = "<group>"; };
		4903E0BF217B42BA002F1925 /* Info.plist */ = {isa = PBXFileReference; lastKnownFileType = text.plist.xml; path = Info.plist; sourceTree = "<group>"; };
		4903E0C5217B4EA4002F1925 /* SevenHack.entitlements */ = {isa = PBXFileReference; lastKnownFileType = text.plist.entitlements; path = SevenHack.entitlements; sourceTree = "<group>"; };
		4903E0C6217B8A36002F1925 /* API.swift */ = {isa = PBXFileReference; lastKnownFileType = sourcecode.swift; path = API.swift; sourceTree = "<group>"; };
		499C3CC2217BD31B0009E94F /* Balance.swift */ = {isa = PBXFileReference; lastKnownFileType = sourcecode.swift; path = Balance.swift; sourceTree = "<group>"; };
		55BD8C29AC1A71FBF944CCB6 /* Pods-SevenHack.debug.xcconfig */ = {isa = PBXFileReference; includeInIndex = 1; lastKnownFileType = text.xcconfig; name = "Pods-SevenHack.debug.xcconfig"; path = "Pods/Target Support Files/Pods-SevenHack/Pods-SevenHack.debug.xcconfig"; sourceTree = "<group>"; };
		70751FFE5241086962457203 /* Pods-SevenHack.release.xcconfig */ = {isa = PBXFileReference; includeInIndex = 1; lastKnownFileType = text.xcconfig; name = "Pods-SevenHack.release.xcconfig"; path = "Pods/Target Support Files/Pods-SevenHack/Pods-SevenHack.release.xcconfig"; sourceTree = "<group>"; };
		765E97FF48B5A90C0AE8F8BD /* Pods_SevenHack.framework */ = {isa = PBXFileReference; explicitFileType = wrapper.framework; includeInIndex = 0; path = Pods_SevenHack.framework; sourceTree = BUILT_PRODUCTS_DIR; };
/* End PBXFileReference section */

/* Begin PBXFrameworksBuildPhase section */
		4903E0AD217B42B8002F1925 /* Frameworks */ = {
			isa = PBXFrameworksBuildPhase;
			buildActionMask = 2147483647;
			files = (
				23E2BA50F4C4879EA78B79B7 /* Pods_SevenHack.framework in Frameworks */,
			);
			runOnlyForDeploymentPostprocessing = 0;
		};
/* End PBXFrameworksBuildPhase section */

/* Begin PBXGroup section */
		4903E0A7217B42B8002F1925 = {
			isa = PBXGroup;
			children = (
				4903E0B2217B42B8002F1925 /* SevenHack */,
				4903E0B1217B42B8002F1925 /* Products */,
				6840C804B6602C794596ADC6 /* Pods */,
				D27110705F4846F2B504B23A /* Frameworks */,
			);
			sourceTree = "<group>";
		};
		4903E0B1217B42B8002F1925 /* Products */ = {
			isa = PBXGroup;
			children = (
				4903E0B0217B42B8002F1925 /* SevenHack.app */,
			);
			name = Products;
			sourceTree = "<group>";
		};
		4903E0B2217B42B8002F1925 /* SevenHack */ = {
			isa = PBXGroup;
			children = (
				4903E0C5217B4EA4002F1925 /* SevenHack.entitlements */,
				4903E0B3217B42B8002F1925 /* AppDelegate.swift */,
				4903E0B5217B42B8002F1925 /* ViewController.swift */,
				4903E0B7217B42B8002F1925 /* Main.storyboard */,
				4903E0BA217B42BA002F1925 /* Assets.xcassets */,
				4903E0BC217B42BA002F1925 /* LaunchScreen.storyboard */,
				4903E0BF217B42BA002F1925 /* Info.plist */,
				499C3CC1217BD2FC0009E94F /* Network */,
			);
			path = SevenHack;
			sourceTree = "<group>";
		};
		499C3CC1217BD2FC0009E94F /* Network */ = {
			isa = PBXGroup;
			children = (
				4903E0C6217B8A36002F1925 /* API.swift */,
				499C3CC2217BD31B0009E94F /* Balance.swift */,
			);
			path = Network;
			sourceTree = "<group>";
		};
		6840C804B6602C794596ADC6 /* Pods */ = {
			isa = PBXGroup;
			children = (
				55BD8C29AC1A71FBF944CCB6 /* Pods-SevenHack.debug.xcconfig */,
				70751FFE5241086962457203 /* Pods-SevenHack.release.xcconfig */,
			);
			name = Pods;
			sourceTree = "<group>";
		};
		D27110705F4846F2B504B23A /* Frameworks */ = {
			isa = PBXGroup;
			children = (
				765E97FF48B5A90C0AE8F8BD /* Pods_SevenHack.framework */,
			);
			name = Frameworks;
			sourceTree = "<group>";
		};
/* End PBXGroup section */

/* Begin PBXNativeTarget section */
		4903E0AF217B42B8002F1925 /* SevenHack */ = {
			isa = PBXNativeTarget;
			buildConfigurationList = 4903E0C2217B42BA002F1925 /* Build configuration list for PBXNativeTarget "SevenHack" */;
			buildPhases = (
				0FC271F966915801AFDD9514 /* [CP] Check Pods Manifest.lock */,
				4903E0AC217B42B8002F1925 /* Sources */,
				4903E0AD217B42B8002F1925 /* Frameworks */,
				4903E0AE217B42B8002F1925 /* Resources */,
				F97ED18B8A3A102D4E7C42F2 /* [CP] Embed Pods Frameworks */,
			);
			buildRules = (
			);
			dependencies = (
			);
			name = SevenHack;
			productName = SevenHack;
			productReference = 4903E0B0217B42B8002F1925 /* SevenHack.app */;
			productType = "com.apple.product-type.application";
		};
/* End PBXNativeTarget section */

/* Begin PBXProject section */
		4903E0A8217B42B8002F1925 /* Project object */ = {
			isa = PBXProject;
			attributes = {
				LastSwiftUpdateCheck = 1000;
				LastUpgradeCheck = 1000;
				ORGANIZATIONNAME = "Miguel Dönicke";
				TargetAttributes = {
					4903E0AF217B42B8002F1925 = {
						CreatedOnToolsVersion = 10.0;
						SystemCapabilities = {
							com.apple.NearFieldCommunicationTagReading = {
								enabled = 1;
							};
						};
					};
				};
			};
			buildConfigurationList = 4903E0AB217B42B8002F1925 /* Build configuration list for PBXProject "SevenHack" */;
			compatibilityVersion = "Xcode 9.3";
			developmentRegion = en;
			hasScannedForEncodings = 0;
			knownRegions = (
				en,
				Base,
			);
			mainGroup = 4903E0A7217B42B8002F1925;
			productRefGroup = 4903E0B1217B42B8002F1925 /* Products */;
			projectDirPath = "";
			projectRoot = "";
			targets = (
				4903E0AF217B42B8002F1925 /* SevenHack */,
			);
		};
/* End PBXProject section */

/* Begin PBXResourcesBuildPhase section */
		4903E0AE217B42B8002F1925 /* Resources */ = {
			isa = PBXResourcesBuildPhase;
			buildActionMask = 2147483647;
			files = (
				4903E0BE217B42BA002F1925 /* LaunchScreen.storyboard in Resources */,
				4903E0BB217B42BA002F1925 /* Assets.xcassets in Resources */,
				4903E0B9217B42B8002F1925 /* Main.storyboard in Resources */,
			);
			runOnlyForDeploymentPostprocessing = 0;
		};
/* End PBXResourcesBuildPhase section */

/* Begin PBXShellScriptBuildPhase section */
		0FC271F966915801AFDD9514 /* [CP] Check Pods Manifest.lock */ = {
			isa = PBXShellScriptBuildPhase;
			buildActionMask = 2147483647;
			files = (
			);
			inputFileListPaths = (
			);
			inputPaths = (
				"${PODS_PODFILE_DIR_PATH}/Podfile.lock",
				"${PODS_ROOT}/Manifest.lock",
			);
			name = "[CP] Check Pods Manifest.lock";
			outputFileListPaths = (
			);
			outputPaths = (
				"$(DERIVED_FILE_DIR)/Pods-SevenHack-checkManifestLockResult.txt",
			);
			runOnlyForDeploymentPostprocessing = 0;
			shellPath = /bin/sh;
			shellScript = "diff \"${PODS_PODFILE_DIR_PATH}/Podfile.lock\" \"${PODS_ROOT}/Manifest.lock\" > /dev/null\nif [ $? != 0 ] ; then\n    # print error to STDERR\n    echo \"error: The sandbox is not in sync with the Podfile.lock. Run 'pod install' or update your CocoaPods installation.\" >&2\n    exit 1\nfi\n# This output is used by Xcode 'outputs' to avoid re-running this script phase.\necho \"SUCCESS\" > \"${SCRIPT_OUTPUT_FILE_0}\"\n";
			showEnvVarsInLog = 0;
		};
		F97ED18B8A3A102D4E7C42F2 /* [CP] Embed Pods Frameworks */ = {
			isa = PBXShellScriptBuildPhase;
			buildActionMask = 2147483647;
			files = (
			);
			inputFileListPaths = (
			);
			inputPaths = (
				"${SRCROOT}/Pods/Target Support Files/Pods-SevenHack/Pods-SevenHack-frameworks.sh",
				"${BUILT_PRODUCTS_DIR}/Result/Result.framework",
				"${BUILT_PRODUCTS_DIR}/youtube-ios-player-helper/youtube_ios_player_helper.framework",
			);
			name = "[CP] Embed Pods Frameworks";
			outputFileListPaths = (
			);
			outputPaths = (
				"${TARGET_BUILD_DIR}/${FRAMEWORKS_FOLDER_PATH}/Result.framework",
				"${TARGET_BUILD_DIR}/${FRAMEWORKS_FOLDER_PATH}/youtube_ios_player_helper.framework",
			);
			runOnlyForDeploymentPostprocessing = 0;
			shellPath = /bin/sh;
			shellScript = "\"${SRCROOT}/Pods/Target Support Files/Pods-SevenHack/Pods-SevenHack-frameworks.sh\"\n";
			showEnvVarsInLog = 0;
		};
/* End PBXShellScriptBuildPhase section */

/* Begin PBXSourcesBuildPhase section */
		4903E0AC217B42B8002F1925 /* Sources */ = {
			isa = PBXSourcesBuildPhase;
			buildActionMask = 2147483647;
			files = (
				4903E0B6217B42B8002F1925 /* ViewController.swift in Sources */,
				4903E0C7217B8A36002F1925 /* API.swift in Sources */,
				499C3CC3217BD31B0009E94F /* Balance.swift in Sources */,
				4903E0B4217B42B8002F1925 /* AppDelegate.swift in Sources */,
			);
			runOnlyForDeploymentPostprocessing = 0;
		};
/* End PBXSourcesBuildPhase section */

/* Begin PBXVariantGroup section */
		4903E0B7217B42B8002F1925 /* Main.storyboard */ = {
			isa = PBXVariantGroup;
			children = (
				4903E0B8217B42B8002F1925 /* Base */,
			);
			name = Main.storyboard;
			sourceTree = "<group>";
		};
		4903E0BC217B42BA002F1925 /* LaunchScreen.storyboard */ = {
			isa = PBXVariantGroup;
			children = (
				4903E0BD217B42BA002F1925 /* Base */,
			);
			name = LaunchScreen.storyboard;
			sourceTree = "<group>";
		};
/* End PBXVariantGroup section */

/* Begin XCBuildConfiguration section */
		4903E0C0217B42BA002F1925 /* Debug */ = {
			isa = XCBuildConfiguration;
			buildSettings = {
				ALWAYS_SEARCH_USER_PATHS = NO;
				CLANG_ANALYZER_NONNULL = YES;
				CLANG_ANALYZER_NUMBER_OBJECT_CONVERSION = YES_AGGRESSIVE;
				CLANG_CXX_LANGUAGE_STANDARD = "gnu++14";
				CLANG_CXX_LIBRARY = "libc++";
				CLANG_ENABLE_MODULES = YES;
				CLANG_ENABLE_OBJC_ARC = YES;
				CLANG_ENABLE_OBJC_WEAK = YES;
				CLANG_WARN_BLOCK_CAPTURE_AUTORELEASING = YES;
				CLANG_WARN_BOOL_CONVERSION = YES;
				CLANG_WARN_COMMA = YES;
				CLANG_WARN_CONSTANT_CONVERSION = YES;
				CLANG_WARN_DEPRECATED_OBJC_IMPLEMENTATIONS = YES;
				CLANG_WARN_DIRECT_OBJC_ISA_USAGE = YES_ERROR;
				CLANG_WARN_DOCUMENTATION_COMMENTS = YES;
				CLANG_WARN_EMPTY_BODY = YES;
				CLANG_WARN_ENUM_CONVERSION = YES;
				CLANG_WARN_INFINITE_RECURSION = YES;
				CLANG_WARN_INT_CONVERSION = YES;
				CLANG_WARN_NON_LITERAL_NULL_CONVERSION = YES;
				CLANG_WARN_OBJC_IMPLICIT_RETAIN_SELF = YES;
				CLANG_WARN_OBJC_LITERAL_CONVERSION = YES;
				CLANG_WARN_OBJC_ROOT_CLASS = YES_ERROR;
				CLANG_WARN_RANGE_LOOP_ANALYSIS = YES;
				CLANG_WARN_STRICT_PROTOTYPES = YES;
				CLANG_WARN_SUSPICIOUS_MOVE = YES;
				CLANG_WARN_UNGUARDED_AVAILABILITY = YES_AGGRESSIVE;
				CLANG_WARN_UNREACHABLE_CODE = YES;
				CLANG_WARN__DUPLICATE_METHOD_MATCH = YES;
				CODE_SIGN_IDENTITY = "iPhone Developer";
				COPY_PHASE_STRIP = NO;
				DEBUG_INFORMATION_FORMAT = dwarf;
				ENABLE_STRICT_OBJC_MSGSEND = YES;
				ENABLE_TESTABILITY = YES;
				GCC_C_LANGUAGE_STANDARD = gnu11;
				GCC_DYNAMIC_NO_PIC = NO;
				GCC_NO_COMMON_BLOCKS = YES;
				GCC_OPTIMIZATION_LEVEL = 0;
				GCC_PREPROCESSOR_DEFINITIONS = (
					"DEBUG=1",
					"$(inherited)",
				);
				GCC_WARN_64_TO_32_BIT_CONVERSION = YES;
				GCC_WARN_ABOUT_RETURN_TYPE = YES_ERROR;
				GCC_WARN_UNDECLARED_SELECTOR = YES;
				GCC_WARN_UNINITIALIZED_AUTOS = YES_AGGRESSIVE;
				GCC_WARN_UNUSED_FUNCTION = YES;
				GCC_WARN_UNUSED_VARIABLE = YES;
				IPHONEOS_DEPLOYMENT_TARGET = 12.0;
				MTL_ENABLE_DEBUG_INFO = INCLUDE_SOURCE;
				MTL_FAST_MATH = YES;
				ONLY_ACTIVE_ARCH = YES;
				SDKROOT = iphoneos;
				SWIFT_ACTIVE_COMPILATION_CONDITIONS = DEBUG;
				SWIFT_OPTIMIZATION_LEVEL = "-Onone";
			};
			name = Debug;
		};
		4903E0C1217B42BA002F1925 /* Release */ = {
			isa = XCBuildConfiguration;
			buildSettings = {
				ALWAYS_SEARCH_USER_PATHS = NO;
				CLANG_ANALYZER_NONNULL = YES;
				CLANG_ANALYZER_NUMBER_OBJECT_CONVERSION = YES_AGGRESSIVE;
				CLANG_CXX_LANGUAGE_STANDARD = "gnu++14";
				CLANG_CXX_LIBRARY = "libc++";
				CLANG_ENABLE_MODULES = YES;
				CLANG_ENABLE_OBJC_ARC = YES;
				CLANG_ENABLE_OBJC_WEAK = YES;
				CLANG_WARN_BLOCK_CAPTURE_AUTORELEASING = YES;
				CLANG_WARN_BOOL_CONVERSION = YES;
				CLANG_WARN_COMMA = YES;
				CLANG_WARN_CONSTANT_CONVERSION = YES;
				CLANG_WARN_DEPRECATED_OBJC_IMPLEMENTATIONS = YES;
				CLANG_WARN_DIRECT_OBJC_ISA_USAGE = YES_ERROR;
				CLANG_WARN_DOCUMENTATION_COMMENTS = YES;
				CLANG_WARN_EMPTY_BODY = YES;
				CLANG_WARN_ENUM_CONVERSION = YES;
				CLANG_WARN_INFINITE_RECURSION = YES;
				CLANG_WARN_INT_CONVERSION = YES;
				CLANG_WARN_NON_LITERAL_NULL_CONVERSION = YES;
				CLANG_WARN_OBJC_IMPLICIT_RETAIN_SELF = YES;
				CLANG_WARN_OBJC_LITERAL_CONVERSION = YES;
				CLANG_WARN_OBJC_ROOT_CLASS = YES_ERROR;
				CLANG_WARN_RANGE_LOOP_ANALYSIS = YES;
				CLANG_WARN_STRICT_PROTOTYPES = YES;
				CLANG_WARN_SUSPICIOUS_MOVE = YES;
				CLANG_WARN_UNGUARDED_AVAILABILITY = YES_AGGRESSIVE;
				CLANG_WARN_UNREACHABLE_CODE = YES;
				CLANG_WARN__DUPLICATE_METHOD_MATCH = YES;
				CODE_SIGN_IDENTITY = "iPhone Developer";
				COPY_PHASE_STRIP = NO;
				DEBUG_INFORMATION_FORMAT = "dwarf-with-dsym";
				ENABLE_NS_ASSERTIONS = NO;
				ENABLE_STRICT_OBJC_MSGSEND = YES;
				GCC_C_LANGUAGE_STANDARD = gnu11;
				GCC_NO_COMMON_BLOCKS = YES;
				GCC_WARN_64_TO_32_BIT_CONVERSION = YES;
				GCC_WARN_ABOUT_RETURN_TYPE = YES_ERROR;
				GCC_WARN_UNDECLARED_SELECTOR = YES;
				GCC_WARN_UNINITIALIZED_AUTOS = YES_AGGRESSIVE;
				GCC_WARN_UNUSED_FUNCTION = YES;
				GCC_WARN_UNUSED_VARIABLE = YES;
				IPHONEOS_DEPLOYMENT_TARGET = 12.0;
				MTL_ENABLE_DEBUG_INFO = NO;
				MTL_FAST_MATH = YES;
				SDKROOT = iphoneos;
				SWIFT_COMPILATION_MODE = wholemodule;
				SWIFT_OPTIMIZATION_LEVEL = "-O";
				VALIDATE_PRODUCT = YES;
			};
			name = Release;
		};
		4903E0C3217B42BA002F1925 /* Debug */ = {
			isa = XCBuildConfiguration;
			baseConfigurationReference = 55BD8C29AC1A71FBF944CCB6 /* Pods-SevenHack.debug.xcconfig */;
			buildSettings = {
				ASSETCATALOG_COMPILER_APPICON_NAME = AppIcon;
				CODE_SIGN_ENTITLEMENTS = SevenHack/SevenHack.entitlements;
				CODE_SIGN_STYLE = Automatic;
				DEVELOPMENT_TEAM = CGF6G8NVJ5;
				INFOPLIST_FILE = SevenHack/Info.plist;
				LD_RUNPATH_SEARCH_PATHS = (
					"$(inherited)",
					"@executable_path/Frameworks",
				);
				PRODUCT_BUNDLE_IDENTIFIER = io.doenicke.7hack2018.ios;
				PRODUCT_NAME = "$(TARGET_NAME)";
				SWIFT_VERSION = 4.2;
				TARGETED_DEVICE_FAMILY = "1,2";
			};
			name = Debug;
		};
		4903E0C4217B42BA002F1925 /* Release */ = {
			isa = XCBuildConfiguration;
			baseConfigurationReference = 70751FFE5241086962457203 /* Pods-SevenHack.release.xcconfig */;
			buildSettings = {
				ASSETCATALOG_COMPILER_APPICON_NAME = AppIcon;
				CODE_SIGN_ENTITLEMENTS = SevenHack/SevenHack.entitlements;
				CODE_SIGN_STYLE = Automatic;
				DEVELOPMENT_TEAM = CGF6G8NVJ5;
				INFOPLIST_FILE = SevenHack/Info.plist;
				LD_RUNPATH_SEARCH_PATHS = (
					"$(inherited)",
					"@executable_path/Frameworks",
				);
				PRODUCT_BUNDLE_IDENTIFIER = io.doenicke.7hack2018.ios;
				PRODUCT_NAME = "$(TARGET_NAME)";
				SWIFT_VERSION = 4.2;
				TARGETED_DEVICE_FAMILY = "1,2";
			};
			name = Release;
		};
/* End XCBuildConfiguration section */

/* Begin XCConfigurationList section */
		4903E0AB217B42B8002F1925 /* Build configuration list for PBXProject "SevenHack" */ = {
			isa = XCConfigurationList;
			buildConfigurations = (
				4903E0C0217B42BA002F1925 /* Debug */,
				4903E0C1217B42BA002F1925 /* Release */,
			);
			defaultConfigurationIsVisible = 0;
			defaultConfigurationName = Release;
		};
		4903E0C2217B42BA002F1925 /* Build configuration list for PBXNativeTarget "SevenHack" */ = {
			isa = XCConfigurationList;
			buildConfigurations = (
				4903E0C3217B42BA002F1925 /* Debug */,
				4903E0C4217B42BA002F1925 /* Release */,
			);
			defaultConfigurationIsVisible = 0;
			defaultConfigurationName = Release;
		};
/* End XCConfigurationList section */
	};
	rootObject = 4903E0A8217B42B8002F1925 /* Project object */;
}
